
Microsoft Visual Studio Solution File, Format Version 12.00
# Visual Studio Version 17
VisualStudioVersion = 17.7.34221.43
MinimumVisualStudioVersion = 10.0.40219.1
Project("{9A19103F-16F7-4668-BE54-9A1E7A4F7556}") = "User_Domain", "User_Domain\User_Domain.csproj", "{8505E010-5698-43D7-89CB-322169DE8DEF}"
EndProject
Project("{9A19103F-16F7-4668-BE54-9A1E7A4F7556}") = "User_App", "User_App\User_App.csproj", "{838EE03A-7518-402D-B8F6-9A70E2A5BFA2}"
EndProject
Project("{9A19103F-16F7-4668-BE54-9A1E7A4F7556}") = "User_Infrastructure", "User_Infrastructure\User_Infrastructure.csproj", "{DBA3299B-77D1-4BD7-A5DF-98CA9EFA3EDF}"
EndProject
Project("{FAE04EC0-301F-11D3-BF4B-00C04F79EFBC}") = "WebApplication1", "WebApplication1\WebApplication1.csproj", "{F343EE56-A41E-40D4-BF02-2CD7ABF32BBD}"
EndProject
Global
	GlobalSection(SolutionConfigurationPlatforms) = preSolution
		Debug|Any CPU = Debug|Any CPU
		Release|Any CPU = Release|Any CPU
	EndGlobalSection
	GlobalSection(ProjectConfigurationPlatforms) = postSolution
		{8505E010-5698-43D7-89CB-322169DE8DEF}.Debug|Any CPU.ActiveCfg = Debug|Any CPU
		{8505E010-5698-43D7-89CB-322169DE8DEF}.Debug|Any CPU.Build.0 = Debug|Any CPU
		{8505E010-5698-43D7-89CB-322169DE8DEF}.Release|Any CPU.ActiveCfg = Release|Any CPU
		{8505E010-5698-43D7-89CB-322169DE8DEF}.Release|Any CPU.Build.0 = Release|Any CPU
		{838EE03A-7518-402D-B8F6-9A70E2A5BFA2}.Debug|Any CPU.ActiveCfg = Debug|Any CPU
		{838EE03A-7518-402D-B8F6-9A70E2A5BFA2}.Debug|Any CPU.Build.0 = Debug|Any CPU
		{838EE03A-7518-402D-B8F6-9A70E2A5BFA2}.Release|Any CPU.ActiveCfg = Release|Any CPU
		{838EE03A-7518-402D-B8F6-9A70E2A5BFA2}.Release|Any CPU.Build.0 = Release|Any CPU
		{DBA3299B-77D1-4BD7-A5DF-98CA9EFA3EDF}.Debug|Any CPU.ActiveCfg = Debug|Any CPU
		{DBA3299B-77D1-4BD7-A5DF-98CA9EFA3EDF}.Debug|Any CPU.Build.0 = Debug|Any CPU
		{DBA3299B-77D1-4BD7-A5DF-98CA9EFA3EDF}.Release|Any CPU.ActiveCfg = Release|Any CPU
		{DBA3299B-77D1-4BD7-A5DF-98CA9EFA3EDF}.Release|Any CPU.Build.0 = Release|Any CPU
		{F343EE56-A41E-40D4-BF02-2CD7ABF32BBD}.Debug|Any CPU.ActiveCfg = Debug|Any CPU
		{F343EE56-A41E-40D4-BF02-2CD7ABF32BBD}.Debug|Any CPU.Build.0 = Debug|Any CPU
		{F343EE56-A41E-40D4-BF02-2CD7ABF32BBD}.Release|Any CPU.ActiveCfg = Release|Any CPU
		{F343EE56-A41E-40D4-BF02-2CD7ABF32BBD}.Release|Any CPU.Build.0 = Release|Any CPU
	EndGlobalSection
	GlobalSection(SolutionProperties) = preSolution
		HideSolutionNode = FALSE
	EndGlobalSection
	GlobalSection(ExtensibilityGlobals) = postSolution
		SolutionGuid = {60CE9981-BA37-4C36-9440-1A5C48DDE75A}
	EndGlobalSection
EndGlobal
